
Microsoft Visual Studio Solution File, Format Version 11.00
# Visual Studio 2010
Project("{FAE04EC0-301F-11D3-BF4B-00C04F79EFBC}") = "Platformer", "Platformer\Platformer\Platformer.csproj", "{06EA9F40-967B-48DE-8C83-CE7373DBC5FE}"
EndProject
Project("{96E2B04D-8817-42C6-938A-82C39BA4D311}") = "PlatformerContent", "Platformer\PlatformerContent\PlatformerContent.contentproj", "{55ED875F-9FC4-4CB1-BA7A-BBEDD0D87831}"
EndProject
Global
	GlobalSection(SolutionConfigurationPlatforms) = preSolution
		Debug|x86 = Debug|x86
		Release|x86 = Release|x86
	EndGlobalSection
	GlobalSection(ProjectConfigurationPlatforms) = postSolution
		{06EA9F40-967B-48DE-8C83-CE7373DBC5FE}.Debug|x86.ActiveCfg = Debug|x86
		{06EA9F40-967B-48DE-8C83-CE7373DBC5FE}.Debug|x86.Build.0 = Debug|x86
		{06EA9F40-967B-48DE-8C83-CE7373DBC5FE}.Release|x86.ActiveCfg = Release|x86
		{06EA9F40-967B-48DE-8C83-CE7373DBC5FE}.Release|x86.Build.0 = Release|x86
		{55ED875F-9FC4-4CB1-BA7A-BBEDD0D87831}.Debug|x86.ActiveCfg = Debug|x86
		{55ED875F-9FC4-4CB1-BA7A-BBEDD0D87831}.Release|x86.ActiveCfg = Release|x86
	EndGlobalSection
	GlobalSection(SolutionProperties) = preSolution
		HideSolutionNode = FALSE
	EndGlobalSection
EndGlobal
